
Microsoft Visual Studio Solution File, Format Version 12.00
# Visual Studio Version 16
VisualStudioVersion = 16.0.30320.27
MinimumVisualStudioVersion = 10.0.40219.1
Project("{FAE04EC0-301F-11D3-BF4B-00C04F79EFBC}") = "dotnet_vue_test_back", "dotnet_vue_test_back\dotnet_vue_test_back.csproj", "{C517D171-B80D-4EC8-994C-805407A4A979}"
EndProject
Global
	GlobalSection(SolutionConfigurationPlatforms) = preSolution
		Debug|Any CPU = Debug|Any CPU
		Release|Any CPU = Release|Any CPU
	EndGlobalSection
	GlobalSection(ProjectConfigurationPlatforms) = postSolution
		{C517D171-B80D-4EC8-994C-805407A4A979}.Debug|Any CPU.ActiveCfg = Debug|Any CPU
		{C517D171-B80D-4EC8-994C-805407A4A979}.Debug|Any CPU.Build.0 = Debug|Any CPU
		{C517D171-B80D-4EC8-994C-805407A4A979}.Release|Any CPU.ActiveCfg = Release|Any CPU
		{C517D171-B80D-4EC8-994C-805407A4A979}.Release|Any CPU.Build.0 = Release|Any CPU
	EndGlobalSection
	GlobalSection(SolutionProperties) = preSolution
		HideSolutionNode = FALSE
	EndGlobalSection
	GlobalSection(ExtensibilityGlobals) = postSolution
		SolutionGuid = {8614A46D-FE06-43F1-9C63-8AF87396C9D5}
	EndGlobalSection
EndGlobal
